
Microsoft Visual Studio Solution File, Format Version 12.00
# Visual Studio 15
VisualStudioVersion = 15.0.28307.705
MinimumVisualStudioVersion = 10.0.40219.1
Project("{FAE04EC0-301F-11D3-BF4B-00C04F79EFBC}") = "Client", "Client\Client.csproj", "{CD1A069C-1812-4247-9D84-1C883ECC1FCB}"
EndProject
Project("{FAE04EC0-301F-11D3-BF4B-00C04F79EFBC}") = "Server", "Server\Server.csproj", "{7EBEAE3A-5398-44D8-9806-C024792938DF}"
EndProject
Global
	GlobalSection(SolutionConfigurationPlatforms) = preSolution
		Debug|Any CPU = Debug|Any CPU
		Release|Any CPU = Release|Any CPU
	EndGlobalSection
	GlobalSection(ProjectConfigurationPlatforms) = postSolution
		{CD1A069C-1812-4247-9D84-1C883ECC1FCB}.Debug|Any CPU.ActiveCfg = Debug|Any CPU
		{CD1A069C-1812-4247-9D84-1C883ECC1FCB}.Debug|Any CPU.Build.0 = Debug|Any CPU
		{CD1A069C-1812-4247-9D84-1C883ECC1FCB}.Release|Any CPU.ActiveCfg = Release|Any CPU
		{CD1A069C-1812-4247-9D84-1C883ECC1FCB}.Release|Any CPU.Build.0 = Release|Any CPU
		{7EBEAE3A-5398-44D8-9806-C024792938DF}.Debug|Any CPU.ActiveCfg = Debug|Any CPU
		{7EBEAE3A-5398-44D8-9806-C024792938DF}.Debug|Any CPU.Build.0 = Debug|Any CPU
		{7EBEAE3A-5398-44D8-9806-C024792938DF}.Release|Any CPU.ActiveCfg = Release|Any CPU
		{7EBEAE3A-5398-44D8-9806-C024792938DF}.Release|Any CPU.Build.0 = Release|Any CPU
	EndGlobalSection
	GlobalSection(SolutionProperties) = preSolution
		HideSolutionNode = FALSE
	EndGlobalSection
	GlobalSection(ExtensibilityGlobals) = postSolution
		SolutionGuid = {0A13F5BE-C8F6-4438-9F59-51EB8132304B}
	EndGlobalSection
EndGlobal
